
Microsoft Visual Studio Solution File, Format Version 12.00
# Visual Studio Version 16
VisualStudioVersion = 16.0.30320.27
MinimumVisualStudioVersion = 10.0.40219.1
Project("{F184B08F-C81C-45F6-A57F-5ABD9991F28F}") = "Cyclance", "Cyclance\Cyclance.vbproj", "{74B1FAFE-0CD8-4C14-8394-325044CC6F8E}"
EndProject
Global
	GlobalSection(SolutionConfigurationPlatforms) = preSolution
		Debug|Any CPU = Debug|Any CPU
		Release|Any CPU = Release|Any CPU
	EndGlobalSection
	GlobalSection(ProjectConfigurationPlatforms) = postSolution
		{74B1FAFE-0CD8-4C14-8394-325044CC6F8E}.Debug|Any CPU.ActiveCfg = Debug|Any CPU
		{74B1FAFE-0CD8-4C14-8394-325044CC6F8E}.Debug|Any CPU.Build.0 = Debug|Any CPU
		{74B1FAFE-0CD8-4C14-8394-325044CC6F8E}.Release|Any CPU.ActiveCfg = Release|Any CPU
		{74B1FAFE-0CD8-4C14-8394-325044CC6F8E}.Release|Any CPU.Build.0 = Release|Any CPU
	EndGlobalSection
	GlobalSection(SolutionProperties) = preSolution
		HideSolutionNode = FALSE
	EndGlobalSection
	GlobalSection(ExtensibilityGlobals) = postSolution
		SolutionGuid = {AB03265E-FB48-4F23-9FEB-E0A540391951}
	EndGlobalSection
EndGlobal
